
Microsoft Visual Studio Solution File, Format Version 12.00
# Visual Studio Version 16
VisualStudioVersion = 16.0.31424.327
MinimumVisualStudioVersion = 10.0.40219.1
Project("{9A19103F-16F7-4668-BE54-9A1E7A4F7556}") = "CustomizationFix", "CustomizationFix\CustomizationFix.csproj", "{E4E722EE-91F4-48C1-BAC7-5E028521135D}"
EndProject
Project("{9A19103F-16F7-4668-BE54-9A1E7A4F7556}") = "MegaMorph", "MegaMorph\MegaMorph.csproj", "{8DC0D0EF-0ECE-4B30-9EC6-FA18DF007A6C}"
EndProject
Project("{9A19103F-16F7-4668-BE54-9A1E7A4F7556}") = "StayThatWay", "StayThatWay\StayThatWay.csproj", "{073709BD-6257-47EE-819D-62598E283055}"
EndProject
Project("{9A19103F-16F7-4668-BE54-9A1E7A4F7556}") = "CameraMod", "CameraMod\CameraMod.csproj", "{4A8BDDA4-AF32-423D-AEEE-3172540F6174}"
EndProject
Project("{9A19103F-16F7-4668-BE54-9A1E7A4F7556}") = "BreastPhysics", "BreastPhysics\BreastPhysics.csproj", "{ED1B56C8-E0E8-48EE-A9A6-37BAFD43E144}"
EndProject
Project("{9A19103F-16F7-4668-BE54-9A1E7A4F7556}") = "AdvancedFreePoseMode", "AdvancedFreePoseMode\AdvancedFreePoseMode.csproj", "{0F2EBDC5-22E1-4CA7-B273-E18DBF969B92}"
EndProject
Project("{9A19103F-16F7-4668-BE54-9A1E7A4F7556}") = "ModToolExtension", "ModToolExtension\ModToolExtension.csproj", "{53C27609-3854-4B83-B70E-8095F22550AF}"
EndProject
Project("{9A19103F-16F7-4668-BE54-9A1E7A4F7556}") = "ModToolExtensionData", "ModToolExtensionData\ModToolExtensionData.csproj", "{A3DFC76D-CC97-474B-8472-09FD2544DE9C}"
EndProject
Project("{9A19103F-16F7-4668-BE54-9A1E7A4F7556}") = "Tattoos", "Tattoos\Tattoos.csproj", "{05C9F7FF-27D3-44B7-875F-51BA4EE0EF11}"
EndProject
Project("{9A19103F-16F7-4668-BE54-9A1E7A4F7556}") = "DyeKit", "DyeKit\DyeKit.csproj", "{5BC00CBC-64A0-442B-9624-4ADD1DF71DA7}"
EndProject
Project("{9A19103F-16F7-4668-BE54-9A1E7A4F7556}") = "FullStockMerchant", "FullStockMerchant\FullStockMerchant.csproj", "{031B35C6-7E0E-4D0B-9377-DA12AD418D76}"
EndProject
Global
	GlobalSection(SolutionConfigurationPlatforms) = preSolution
		Debug|Any CPU = Debug|Any CPU
		Release|Any CPU = Release|Any CPU
	EndGlobalSection
	GlobalSection(ProjectConfigurationPlatforms) = postSolution
		{E4E722EE-91F4-48C1-BAC7-5E028521135D}.Debug|Any CPU.ActiveCfg = Debug|Any CPU
		{E4E722EE-91F4-48C1-BAC7-5E028521135D}.Debug|Any CPU.Build.0 = Debug|Any CPU
		{E4E722EE-91F4-48C1-BAC7-5E028521135D}.Release|Any CPU.ActiveCfg = Release|Any CPU
		{E4E722EE-91F4-48C1-BAC7-5E028521135D}.Release|Any CPU.Build.0 = Release|Any CPU
		{8DC0D0EF-0ECE-4B30-9EC6-FA18DF007A6C}.Debug|Any CPU.ActiveCfg = Debug|Any CPU
		{8DC0D0EF-0ECE-4B30-9EC6-FA18DF007A6C}.Debug|Any CPU.Build.0 = Debug|Any CPU
		{8DC0D0EF-0ECE-4B30-9EC6-FA18DF007A6C}.Release|Any CPU.ActiveCfg = Release|Any CPU
		{8DC0D0EF-0ECE-4B30-9EC6-FA18DF007A6C}.Release|Any CPU.Build.0 = Release|Any CPU
		{073709BD-6257-47EE-819D-62598E283055}.Debug|Any CPU.ActiveCfg = Debug|Any CPU
		{073709BD-6257-47EE-819D-62598E283055}.Debug|Any CPU.Build.0 = Debug|Any CPU
		{073709BD-6257-47EE-819D-62598E283055}.Release|Any CPU.ActiveCfg = Release|Any CPU
		{073709BD-6257-47EE-819D-62598E283055}.Release|Any CPU.Build.0 = Release|Any CPU
		{4A8BDDA4-AF32-423D-AEEE-3172540F6174}.Debug|Any CPU.ActiveCfg = Debug|Any CPU
		{4A8BDDA4-AF32-423D-AEEE-3172540F6174}.Debug|Any CPU.Build.0 = Debug|Any CPU
		{4A8BDDA4-AF32-423D-AEEE-3172540F6174}.Release|Any CPU.ActiveCfg = Release|Any CPU
		{4A8BDDA4-AF32-423D-AEEE-3172540F6174}.Release|Any CPU.Build.0 = Release|Any CPU
		{ED1B56C8-E0E8-48EE-A9A6-37BAFD43E144}.Debug|Any CPU.ActiveCfg = Debug|Any CPU
		{ED1B56C8-E0E8-48EE-A9A6-37BAFD43E144}.Debug|Any CPU.Build.0 = Debug|Any CPU
		{ED1B56C8-E0E8-48EE-A9A6-37BAFD43E144}.Release|Any CPU.ActiveCfg = Release|Any CPU
		{ED1B56C8-E0E8-48EE-A9A6-37BAFD43E144}.Release|Any CPU.Build.0 = Release|Any CPU
		{0F2EBDC5-22E1-4CA7-B273-E18DBF969B92}.Debug|Any CPU.ActiveCfg = Debug|Any CPU
		{0F2EBDC5-22E1-4CA7-B273-E18DBF969B92}.Debug|Any CPU.Build.0 = Debug|Any CPU
		{0F2EBDC5-22E1-4CA7-B273-E18DBF969B92}.Release|Any CPU.ActiveCfg = Release|Any CPU
		{0F2EBDC5-22E1-4CA7-B273-E18DBF969B92}.Release|Any CPU.Build.0 = Release|Any CPU
		{53C27609-3854-4B83-B70E-8095F22550AF}.Debug|Any CPU.ActiveCfg = Debug|Any CPU
		{53C27609-3854-4B83-B70E-8095F22550AF}.Debug|Any CPU.Build.0 = Debug|Any CPU
		{53C27609-3854-4B83-B70E-8095F22550AF}.Release|Any CPU.ActiveCfg = Release|Any CPU
		{53C27609-3854-4B83-B70E-8095F22550AF}.Release|Any CPU.Build.0 = Release|Any CPU
		{A3DFC76D-CC97-474B-8472-09FD2544DE9C}.Debug|Any CPU.ActiveCfg = Debug|Any CPU
		{A3DFC76D-CC97-474B-8472-09FD2544DE9C}.Debug|Any CPU.Build.0 = Debug|Any CPU
		{A3DFC76D-CC97-474B-8472-09FD2544DE9C}.Release|Any CPU.ActiveCfg = Release|Any CPU
		{A3DFC76D-CC97-474B-8472-09FD2544DE9C}.Release|Any CPU.Build.0 = Release|Any CPU
		{05C9F7FF-27D3-44B7-875F-51BA4EE0EF11}.Debug|Any CPU.ActiveCfg = Debug|Any CPU
		{05C9F7FF-27D3-44B7-875F-51BA4EE0EF11}.Debug|Any CPU.Build.0 = Debug|Any CPU
		{05C9F7FF-27D3-44B7-875F-51BA4EE0EF11}.Release|Any CPU.ActiveCfg = Release|Any CPU
		{05C9F7FF-27D3-44B7-875F-51BA4EE0EF11}.Release|Any CPU.Build.0 = Release|Any CPU
		{5BC00CBC-64A0-442B-9624-4ADD1DF71DA7}.Debug|Any CPU.ActiveCfg = Debug|Any CPU
		{5BC00CBC-64A0-442B-9624-4ADD1DF71DA7}.Debug|Any CPU.Build.0 = Debug|Any CPU
		{5BC00CBC-64A0-442B-9624-4ADD1DF71DA7}.Release|Any CPU.ActiveCfg = Release|Any CPU
		{5BC00CBC-64A0-442B-9624-4ADD1DF71DA7}.Release|Any CPU.Build.0 = Release|Any CPU
		{031B35C6-7E0E-4D0B-9377-DA12AD418D76}.Debug|Any CPU.ActiveCfg = Debug|Any CPU
		{031B35C6-7E0E-4D0B-9377-DA12AD418D76}.Debug|Any CPU.Build.0 = Debug|Any CPU
		{031B35C6-7E0E-4D0B-9377-DA12AD418D76}.Release|Any CPU.ActiveCfg = Release|Any CPU
		{031B35C6-7E0E-4D0B-9377-DA12AD418D76}.Release|Any CPU.Build.0 = Release|Any CPU
	EndGlobalSection
	GlobalSection(SolutionProperties) = preSolution
		HideSolutionNode = FALSE
	EndGlobalSection
	GlobalSection(ExtensibilityGlobals) = postSolution
		SolutionGuid = {66890D5A-2331-471D-A132-536E9FD6774B}
	EndGlobalSection
EndGlobal
